
Microsoft Visual Studio Solution File, Format Version 12.00
# Visual Studio 15
VisualStudioVersion = 15.0.27703.2042
MinimumVisualStudioVersion = 10.0.40219.1
Project("{9A19103F-16F7-4668-BE54-9A1E7A4F7556}") = "RushHour.Web", "RushHour.Web\RushHour.Web.csproj", "{A941D492-5F8F-4FAE-AC0D-84585BC65B2B}"
EndProject
Project("{9A19103F-16F7-4668-BE54-9A1E7A4F7556}") = "RushHour.Data", "RushHour.Data\RushHour.Data.csproj", "{4DF88F3F-30CF-4EB8-81BB-DF9C63B6A1B6}"
EndProject
Project("{9A19103F-16F7-4668-BE54-9A1E7A4F7556}") = "RushHour.Service", "RushHour.Service\RushHour.Service.csproj", "{43C08A58-13F9-4EC3-ACED-515FB75ED042}"
EndProject
Project("{9A19103F-16F7-4668-BE54-9A1E7A4F7556}") = "RushHour.Common", "RushHour.Common\RushHour.Common.csproj", "{DCF9C954-4BC7-4207-8AB7-9219C36A0B28}"
EndProject
Global
	GlobalSection(SolutionConfigurationPlatforms) = preSolution
		Debug|Any CPU = Debug|Any CPU
		Release|Any CPU = Release|Any CPU
	EndGlobalSection
	GlobalSection(ProjectConfigurationPlatforms) = postSolution
		{A941D492-5F8F-4FAE-AC0D-84585BC65B2B}.Debug|Any CPU.ActiveCfg = Debug|Any CPU
		{A941D492-5F8F-4FAE-AC0D-84585BC65B2B}.Debug|Any CPU.Build.0 = Debug|Any CPU
		{A941D492-5F8F-4FAE-AC0D-84585BC65B2B}.Release|Any CPU.ActiveCfg = Release|Any CPU
		{A941D492-5F8F-4FAE-AC0D-84585BC65B2B}.Release|Any CPU.Build.0 = Release|Any CPU
		{4DF88F3F-30CF-4EB8-81BB-DF9C63B6A1B6}.Debug|Any CPU.ActiveCfg = Debug|Any CPU
		{4DF88F3F-30CF-4EB8-81BB-DF9C63B6A1B6}.Debug|Any CPU.Build.0 = Debug|Any CPU
		{4DF88F3F-30CF-4EB8-81BB-DF9C63B6A1B6}.Release|Any CPU.ActiveCfg = Release|Any CPU
		{4DF88F3F-30CF-4EB8-81BB-DF9C63B6A1B6}.Release|Any CPU.Build.0 = Release|Any CPU
		{43C08A58-13F9-4EC3-ACED-515FB75ED042}.Debug|Any CPU.ActiveCfg = Debug|Any CPU
		{43C08A58-13F9-4EC3-ACED-515FB75ED042}.Debug|Any CPU.Build.0 = Debug|Any CPU
		{43C08A58-13F9-4EC3-ACED-515FB75ED042}.Release|Any CPU.ActiveCfg = Release|Any CPU
		{43C08A58-13F9-4EC3-ACED-515FB75ED042}.Release|Any CPU.Build.0 = Release|Any CPU
		{DCF9C954-4BC7-4207-8AB7-9219C36A0B28}.Debug|Any CPU.ActiveCfg = Debug|Any CPU
		{DCF9C954-4BC7-4207-8AB7-9219C36A0B28}.Debug|Any CPU.Build.0 = Debug|Any CPU
		{DCF9C954-4BC7-4207-8AB7-9219C36A0B28}.Release|Any CPU.ActiveCfg = Release|Any CPU
		{DCF9C954-4BC7-4207-8AB7-9219C36A0B28}.Release|Any CPU.Build.0 = Release|Any CPU
	EndGlobalSection
	GlobalSection(SolutionProperties) = preSolution
		HideSolutionNode = FALSE
	EndGlobalSection
	GlobalSection(ExtensibilityGlobals) = postSolution
		SolutionGuid = {3F10FD0C-32A3-473B-8CCF-147EE1F8266F}
	EndGlobalSection
EndGlobal
